
Microsoft Visual Studio Solution File, Format Version 12.00
# Visual Studio Version 16
VisualStudioVersion = 16.0.30907.101
MinimumVisualStudioVersion = 10.0.40219.1
Project("{8BC9CEB8-8B4A-11D0-8D11-00A0C91BC942}") = "Лаба1 часть8", "Лаба1 часть8\Лаба1 часть8.vcxproj", "{E4BFC0A9-8A62-46CF-B05B-A1258D10F5EB}"
EndProject
Global
	GlobalSection(SolutionConfigurationPlatforms) = preSolution
		Debug|x64 = Debug|x64
		Debug|x86 = Debug|x86
		Release|x64 = Release|x64
		Release|x86 = Release|x86
	EndGlobalSection
	GlobalSection(ProjectConfigurationPlatforms) = postSolution
		{E4BFC0A9-8A62-46CF-B05B-A1258D10F5EB}.Debug|x64.ActiveCfg = Debug|x64
		{E4BFC0A9-8A62-46CF-B05B-A1258D10F5EB}.Debug|x64.Build.0 = Debug|x64
		{E4BFC0A9-8A62-46CF-B05B-A1258D10F5EB}.Debug|x86.ActiveCfg = Debug|Win32
		{E4BFC0A9-8A62-46CF-B05B-A1258D10F5EB}.Debug|x86.Build.0 = Debug|Win32
		{E4BFC0A9-8A62-46CF-B05B-A1258D10F5EB}.Release|x64.ActiveCfg = Release|x64
		{E4BFC0A9-8A62-46CF-B05B-A1258D10F5EB}.Release|x64.Build.0 = Release|x64
		{E4BFC0A9-8A62-46CF-B05B-A1258D10F5EB}.Release|x86.ActiveCfg = Release|Win32
		{E4BFC0A9-8A62-46CF-B05B-A1258D10F5EB}.Release|x86.Build.0 = Release|Win32
	EndGlobalSection
	GlobalSection(SolutionProperties) = preSolution
		HideSolutionNode = FALSE
	EndGlobalSection
	GlobalSection(ExtensibilityGlobals) = postSolution
		SolutionGuid = {17421BFF-582E-47EB-A7D8-2A800F278C53}
	EndGlobalSection
EndGlobal
